
Microsoft Visual Studio Solution File, Format Version 12.00
# Visual Studio Version 17
VisualStudioVersion = 17.6.33723.286
MinimumVisualStudioVersion = 10.0.40219.1
Project("{9A19103F-16F7-4668-BE54-9A1E7A4F7556}") = "SudokuSolver", "SudokuSolver\SudokuSolver.csproj", "{6110566D-7702-4FE1-A359-A59147E27F44}"
EndProject
Project("{9A19103F-16F7-4668-BE54-9A1E7A4F7556}") = "SudokuSolver.UnitTests", "SudokuSolver.UnitTests\SudokuSolver.UnitTests.csproj", "{2DB6CEA7-2578-41D6-B3B4-8D0DF7B6CB72}"
EndProject
Project("{9A19103F-16F7-4668-BE54-9A1E7A4F7556}") = "MatrixUtils", "MatrixUtils\MatrixUtils.csproj", "{47FF5630-5C5F-4733-95B5-D02E2A5EFA67}"
EndProject
Project("{9A19103F-16F7-4668-BE54-9A1E7A4F7556}") = "MatrixUtils.UnitTests", "MatrixUtils.UnitTests\MatrixUtils.UnitTests.csproj", "{F7DE4913-2220-49F5-8596-1F461134C0DF}"
EndProject
Project("{FAE04EC0-301F-11D3-BF4B-00C04F79EFBC}") = "PerformanceMeasurer", "PerformanceMeasurer\PerformanceMeasurer.csproj", "{2A9BCF84-99A3-4F47-977D-07EB4FAF9E07}"
EndProject
Global
	GlobalSection(SolutionConfigurationPlatforms) = preSolution
		Debug|Any CPU = Debug|Any CPU
		Release|Any CPU = Release|Any CPU
	EndGlobalSection
	GlobalSection(ProjectConfigurationPlatforms) = postSolution
		{6110566D-7702-4FE1-A359-A59147E27F44}.Debug|Any CPU.ActiveCfg = Debug|Any CPU
		{6110566D-7702-4FE1-A359-A59147E27F44}.Debug|Any CPU.Build.0 = Debug|Any CPU
		{6110566D-7702-4FE1-A359-A59147E27F44}.Release|Any CPU.ActiveCfg = Release|Any CPU
		{6110566D-7702-4FE1-A359-A59147E27F44}.Release|Any CPU.Build.0 = Release|Any CPU
		{2DB6CEA7-2578-41D6-B3B4-8D0DF7B6CB72}.Debug|Any CPU.ActiveCfg = Debug|Any CPU
		{2DB6CEA7-2578-41D6-B3B4-8D0DF7B6CB72}.Debug|Any CPU.Build.0 = Debug|Any CPU
		{2DB6CEA7-2578-41D6-B3B4-8D0DF7B6CB72}.Release|Any CPU.ActiveCfg = Release|Any CPU
		{2DB6CEA7-2578-41D6-B3B4-8D0DF7B6CB72}.Release|Any CPU.Build.0 = Release|Any CPU
		{47FF5630-5C5F-4733-95B5-D02E2A5EFA67}.Debug|Any CPU.ActiveCfg = Debug|Any CPU
		{47FF5630-5C5F-4733-95B5-D02E2A5EFA67}.Debug|Any CPU.Build.0 = Debug|Any CPU
		{47FF5630-5C5F-4733-95B5-D02E2A5EFA67}.Release|Any CPU.ActiveCfg = Release|Any CPU
		{47FF5630-5C5F-4733-95B5-D02E2A5EFA67}.Release|Any CPU.Build.0 = Release|Any CPU
		{F7DE4913-2220-49F5-8596-1F461134C0DF}.Debug|Any CPU.ActiveCfg = Debug|Any CPU
		{F7DE4913-2220-49F5-8596-1F461134C0DF}.Debug|Any CPU.Build.0 = Debug|Any CPU
		{F7DE4913-2220-49F5-8596-1F461134C0DF}.Release|Any CPU.ActiveCfg = Release|Any CPU
		{F7DE4913-2220-49F5-8596-1F461134C0DF}.Release|Any CPU.Build.0 = Release|Any CPU
		{2A9BCF84-99A3-4F47-977D-07EB4FAF9E07}.Debug|Any CPU.ActiveCfg = Debug|Any CPU
		{2A9BCF84-99A3-4F47-977D-07EB4FAF9E07}.Debug|Any CPU.Build.0 = Debug|Any CPU
		{2A9BCF84-99A3-4F47-977D-07EB4FAF9E07}.Release|Any CPU.ActiveCfg = Release|Any CPU
		{2A9BCF84-99A3-4F47-977D-07EB4FAF9E07}.Release|Any CPU.Build.0 = Release|Any CPU
	EndGlobalSection
	GlobalSection(SolutionProperties) = preSolution
		HideSolutionNode = FALSE
	EndGlobalSection
	GlobalSection(ExtensibilityGlobals) = postSolution
		SolutionGuid = {4688E708-245B-4D33-BA0F-DB44816C1A87}
	EndGlobalSection
EndGlobal
